
Microsoft Visual Studio Solution File, Format Version 12.00
# Visual Studio Version 17
VisualStudioVersion = 17.0.31903.59
MinimumVisualStudioVersion = 10.0.40219.1
Project("{2150E333-8FDC-42A3-9474-1A3956D46DE8}") = "src", "src", "{FD89C8C5-813E-408B-A3EC-F72B10F88D37}"
EndProject
Project("{2150E333-8FDC-42A3-9474-1A3956D46DE8}") = "CleanArchitecture", "CleanArchitecture", "{658EC2F4-FB44-4002-BE23-95E516DDACBD}"
EndProject
Project("{FAE04EC0-301F-11D3-BF4B-00C04F79EFBC}") = "CleanArchitecture.Domain", "src\CleanArchitecture\CleanArchitecture.Domain\CleanArchitecture.Domain.csproj", "{8EAC63C4-F581-42D7-909A-23190CE4781F}"
EndProject
Global
	GlobalSection(SolutionConfigurationPlatforms) = preSolution
		Debug|Any CPU = Debug|Any CPU
		Release|Any CPU = Release|Any CPU
	EndGlobalSection
	GlobalSection(SolutionProperties) = preSolution
		HideSolutionNode = FALSE
	EndGlobalSection
	GlobalSection(ProjectConfigurationPlatforms) = postSolution
		{8EAC63C4-F581-42D7-909A-23190CE4781F}.Debug|Any CPU.ActiveCfg = Debug|Any CPU
		{8EAC63C4-F581-42D7-909A-23190CE4781F}.Debug|Any CPU.Build.0 = Debug|Any CPU
		{8EAC63C4-F581-42D7-909A-23190CE4781F}.Release|Any CPU.ActiveCfg = Release|Any CPU
		{8EAC63C4-F581-42D7-909A-23190CE4781F}.Release|Any CPU.Build.0 = Release|Any CPU
	EndGlobalSection
	GlobalSection(NestedProjects) = preSolution
		{658EC2F4-FB44-4002-BE23-95E516DDACBD} = {FD89C8C5-813E-408B-A3EC-F72B10F88D37}
		{8EAC63C4-F581-42D7-909A-23190CE4781F} = {658EC2F4-FB44-4002-BE23-95E516DDACBD}
	EndGlobalSection
EndGlobal
